Microsoft Visual Studio Solution File, Format Version 12.00
# Visual Studio Version 17
VisualStudioVersion = 17.5.2.0
MinimumVisualStudioVersion = 10.0.40219.1
Project("{FAE04EC0-301F-11D3-BF4B-00C04F79EFBC}") = "MyProtectedWebApi", "webapi\MyProtectedWebApi.csproj", "{DC405530-5D09-3D38-B3F3-82D488100E30}"
EndProject
Global
	GlobalSection(SolutionConfigurationPlatforms) = preSolution
		Debug|Any CPU = Debug|Any CPU
		Release|Any CPU = Release|Any CPU
	EndGlobalSection
	GlobalSection(ProjectConfigurationPlatforms) = postSolution
		{DC405530-5D09-3D38-B3F3-82D488100E30}.Debug|Any CPU.ActiveCfg = Debug|Any CPU
		{DC405530-5D09-3D38-B3F3-82D488100E30}.Debug|Any CPU.Build.0 = Debug|Any CPU
		{DC405530-5D09-3D38-B3F3-82D488100E30}.Release|Any CPU.ActiveCfg = Release|Any CPU
		{DC405530-5D09-3D38-B3F3-82D488100E30}.Release|Any CPU.Build.0 = Release|Any CPU
	EndGlobalSection
	GlobalSection(SolutionProperties) = preSolution
		HideSolutionNode = FALSE
	EndGlobalSection
	GlobalSection(ExtensibilityGlobals) = postSolution
		SolutionGuid = {4061671C-2CF8-4393-9F23-A6FDA4E401ED}
	EndGlobalSection
EndGlobal
